
Microsoft Visual Studio Solution File, Format Version 12.00
# Visual Studio Version 16
VisualStudioVersion = 16.0.31005.135
MinimumVisualStudioVersion = 10.0.40219.1
Project("{9A19103F-16F7-4668-BE54-9A1E7A4F7556}") = "UpGrAdE", "UpGrAdE\UpGrAdE.csproj", "{978279E0-00F9-4B4A-9D79-0AFCD706AF05}"
EndProject
Global
	GlobalSection(SolutionConfigurationPlatforms) = preSolution
		Debug|Any CPU = Debug|Any CPU
		Release|Any CPU = Release|Any CPU
	EndGlobalSection
	GlobalSection(ProjectConfigurationPlatforms) = postSolution
		{978279E0-00F9-4B4A-9D79-0AFCD706AF05}.Debug|Any CPU.ActiveCfg = Debug|Any CPU
		{978279E0-00F9-4B4A-9D79-0AFCD706AF05}.Debug|Any CPU.Build.0 = Debug|Any CPU
		{978279E0-00F9-4B4A-9D79-0AFCD706AF05}.Release|Any CPU.ActiveCfg = Release|Any CPU
		{978279E0-00F9-4B4A-9D79-0AFCD706AF05}.Release|Any CPU.Build.0 = Release|Any CPU
	EndGlobalSection
	GlobalSection(SolutionProperties) = preSolution
		HideSolutionNode = FALSE
	EndGlobalSection
	GlobalSection(ExtensibilityGlobals) = postSolution
		SolutionGuid = {BAC683A1-8438-46B1-BA24-7D7407B24555}
	EndGlobalSection
EndGlobal
