
Microsoft Visual Studio Solution File, Format Version 12.00
# Visual Studio Version 16
VisualStudioVersion = 16.0.31005.135
MinimumVisualStudioVersion = 10.0.40219.1
Project("{FAE04EC0-301F-11D3-BF4B-00C04F79EFBC}") = "RazorPagesMovie", "RazorPagesMovie\RazorPagesMovie.csproj", "{295FE69A-8210-4AB5-9F4E-2E402864B3FC}"
EndProject
Global
	GlobalSection(SolutionConfigurationPlatforms) = preSolution
		Debug|Any CPU = Debug|Any CPU
		Release|Any CPU = Release|Any CPU
	EndGlobalSection
	GlobalSection(ProjectConfigurationPlatforms) = postSolution
		{295FE69A-8210-4AB5-9F4E-2E402864B3FC}.Debug|Any CPU.ActiveCfg = Debug|Any CPU
		{295FE69A-8210-4AB5-9F4E-2E402864B3FC}.Debug|Any CPU.Build.0 = Debug|Any CPU
		{295FE69A-8210-4AB5-9F4E-2E402864B3FC}.Release|Any CPU.ActiveCfg = Release|Any CPU
		{295FE69A-8210-4AB5-9F4E-2E402864B3FC}.Release|Any CPU.Build.0 = Release|Any CPU
	EndGlobalSection
	GlobalSection(SolutionProperties) = preSolution
		HideSolutionNode = FALSE
	EndGlobalSection
	GlobalSection(ExtensibilityGlobals) = postSolution
		SolutionGuid = {6F2930FC-1CFC-47D5-9E22-E63FE77D6AC5}
	EndGlobalSection
EndGlobal
